
Microsoft Visual Studio Solution File, Format Version 11.00
# Visual Studio 2010
Project("{FAE04EC0-301F-11D3-BF4B-00C04F79EFBC}") = "ServiceDeskApp", "ServiceDeskApp\ServiceDeskApp.csproj", "{8F5295E8-82F3-44D3-9543-8700CD0BD760}"
EndProject
Project("{FAE04EC0-301F-11D3-BF4B-00C04F79EFBC}") = "ServiceDeskApp.Tests", "ServiceDeskApp.Tests\ServiceDeskApp.Tests.csproj", "{2508ED77-92FC-4EBE-980C-C735E9B334BA}"
EndProject
Global
	GlobalSection(SolutionConfigurationPlatforms) = preSolution
		Debug|Any CPU = Debug|Any CPU
		Release|Any CPU = Release|Any CPU
	EndGlobalSection
	GlobalSection(ProjectConfigurationPlatforms) = postSolution
		{8F5295E8-82F3-44D3-9543-8700CD0BD760}.Debug|Any CPU.ActiveCfg = Debug|Any CPU
		{8F5295E8-82F3-44D3-9543-8700CD0BD760}.Debug|Any CPU.Build.0 = Debug|Any CPU
		{8F5295E8-82F3-44D3-9543-8700CD0BD760}.Release|Any CPU.ActiveCfg = Release|Any CPU
		{8F5295E8-82F3-44D3-9543-8700CD0BD760}.Release|Any CPU.Build.0 = Release|Any CPU
		{2508ED77-92FC-4EBE-980C-C735E9B334BA}.Debug|Any CPU.ActiveCfg = Debug|Any CPU
		{2508ED77-92FC-4EBE-980C-C735E9B334BA}.Debug|Any CPU.Build.0 = Debug|Any CPU
		{2508ED77-92FC-4EBE-980C-C735E9B334BA}.Release|Any CPU.ActiveCfg = Release|Any CPU
		{2508ED77-92FC-4EBE-980C-C735E9B334BA}.Release|Any CPU.Build.0 = Release|Any CPU
	EndGlobalSection
	GlobalSection(SolutionProperties) = preSolution
		HideSolutionNode = FALSE
	EndGlobalSection
EndGlobal
